{
  "name": "@knaus94/prisma-extension-cache-manager",
  "version": "1.2.2",
  "lockfileVersion": 3,
  "requires": true,
  "packages": {
    "": {
      "name": "@knaus94/prisma-extension-cache-manager",
      "version": "1.2.2",
      "dependencies": {
        "@prisma/client": "^5.7.1",
        "bson": "^6.2.0",
        "cache-manager": "^5.2.1"
      },
      "devDependencies": {
        "@types/node": "^20.10.6",
        "prettier": "^3.1.1",
        "typescript": "^5.3.3"
      }
    },
    "node_modules/@prisma/client": {
      "version": "5.8.0",
      "resolved": "https://registry.npmjs.org/@prisma/client/-/client-5.8.0.tgz",
      "integrity": "sha512-QxO6C4MaA/ysTIbC+EcAH1aX/YkpymhXtO6zPdk+FvA7+59tNibIYpd+7koPdViLg2iKES4ojsxWNUGNJaEcbA==",
      "hasInstallScript": true,
      "engines": {
        "node": ">=16.13"
      },
      "peerDependencies": {
        "prisma": "*"
      },
      "peerDependenciesMeta": {
        "prisma": {
          "optional": true
        }
      }
    },
    "node_modules/@types/node": {
      "version": "20.11.0",
      "resolved": "https://registry.npmjs.org/@types/node/-/node-20.11.0.tgz",
      "integrity": "sha512-o9bjXmDNcF7GbM4CNQpmi+TutCgap/K3w1JyKgxAjqx41zp9qlIAVFi0IhCNsJcXolEqLWhbFbEeL0PvYm4pcQ==",
      "dev": true,
      "dependencies": {
        "undici-types": "~5.26.4"
      }
    },
    "node_modules/bson": {
      "version": "6.2.0",
      "resolved": "https://registry.npmjs.org/bson/-/bson-6.2.0.tgz",
      "integrity": "sha512-ID1cI+7bazPDyL9wYy9GaQ8gEEohWvcUl/Yf0dIdutJxnmInEEyCsb4awy/OiBfall7zBA179Pahi3vCdFze3Q==",
      "engines": {
        "node": ">=16.20.1"
      }
    },
    "node_modules/cache-manager": {
      "version": "5.3.2",
      "resolved": "https://registry.npmjs.org/cache-manager/-/cache-manager-5.3.2.tgz",
      "integrity": "sha512-MBpwYqCqf8LFSso5CjMs5Kj2i3RYYUP0fLwjMSnxyspYx0y8uT1SZbWiOk33fw5r+Sbpe5ERfk1+pgXEJ/omEw==",
      "dependencies": {
        "lodash.clonedeep": "^4.5.0",
        "lru-cache": "^10.1.0",
        "promise-coalesce": "^1.1.2"
      }
    },
    "node_modules/lodash.clonedeep": {
      "version": "4.5.0",
      "resolved": "https://registry.npmjs.org/lodash.clonedeep/-/lodash.clonedeep-4.5.0.tgz",
      "integrity": "sha512-H5ZhCF25riFd9uB5UCkVKo61m3S/xZk1x4wA6yp/L3RFP6Z/eHH1ymQcGLo7J3GMPfm0V/7m1tryHuGVxpqEBQ=="
    },
    "node_modules/lru-cache": {
      "version": "10.1.0",
      "resolved": "https://registry.npmjs.org/lru-cache/-/lru-cache-10.1.0.tgz",
      "integrity": "sha512-/1clY/ui8CzjKFyjdvwPWJUYKiFVXG2I2cY0ssG7h4+hwk+XOIX7ZSG9Q7TW8TW3Kp3BUSqgFWBLgL4PJ+Blag==",
      "engines": {
        "node": "14 || >=16.14"
      }
    },
    "node_modules/prettier": {
      "version": "3.2.2",
      "resolved": "https://registry.npmjs.org/prettier/-/prettier-3.2.2.tgz",
      "integrity": "sha512-HTByuKZzw7utPiDO523Tt2pLtEyK7OibUD9suEJQrPUCYQqrHr74GGX6VidMrovbf/I50mPqr8j/II6oBAuc5A==",
      "dev": true,
      "bin": {
        "prettier": "bin/prettier.cjs"
      },
      "engines": {
        "node": ">=14"
      },
      "funding": {
        "url": "https://github.com/prettier/prettier?sponsor=1"
      }
    },
    "node_modules/promise-coalesce": {
      "version": "1.1.2",
      "resolved": "https://registry.npmjs.org/promise-coalesce/-/promise-coalesce-1.1.2.tgz",
      "integrity": "sha512-zLaJ9b8hnC564fnJH6NFSOGZYYdzrAJn2JUUIwzoQb32fG2QAakpDNM+CZo1km6keXkRXRM+hml1BFAPVnPkxg==",
      "engines": {
        "node": ">=16"
      }
    },
    "node_modules/typescript": {
      "version": "5.3.3",
      "resolved": "https://registry.npmjs.org/typescript/-/typescript-5.3.3.tgz",
      "integrity": "sha512-pXWcraxM0uxAS+tN0AG/BF2TyqmHO014Z070UsJ+pFvYuRSq8KH8DmWpnbXe0pEPDHXZV3FcAbJkijJ5oNEnWw==",
      "dev": true,
      "bin": {
        "tsc": "bin/tsc",
        "tsserver": "bin/tsserver"
      },
      "engines": {
        "node": ">=14.17"
      }
    },
    "node_modules/undici-types": {
      "version": "5.26.5",
      "resolved": "https://registry.npmjs.org/undici-types/-/undici-types-5.26.5.tgz",
      "integrity": "sha512-JlCMO+ehdEIKqlFxk6IfVoAUVmgz7cU7zD/h9XZ0qzeosSHmUJVOzSQvvYSYWXkFXC+IfLKSIffhv0sVZup6pA==",
      "dev": true
    }
  }
}
